// !$*UTF8*$!
{
	archiveVersion = 1;
	classes = {
	};
	objectVersion = 46;
	objects = {

/* Begin PBXBuildFile section */
		0C3A7FB81E6CA482003C00AE /* GADQuery.h in Headers */ = {isa = PBXBuildFile; fileRef = 0C3A7FB61E6CA482003C00AE /* GADQuery.h */; settings = {ATTRIBUTES = (Public, ); }; };
		0C3A7FB91E6CA482003C00AE /* GADQuery.m in Sources */ = {isa = PBXBuildFile; fileRef = 0C3A7FB71E6CA482003C00AE /* GADQuery.m */; };
		2E6E7BB33953DDE5DCCB560C /* libPods-DB.a in Frameworks */ = {isa = PBXBuildFile; fileRef = 83946FA003C12FC0DEF561D5 /* libPods-DB.a */; };
		361495E51EAC5D88008E3875 /* GADPickerViewTableViewCell.m in Sources */ = {isa = PBXBuildFile; fileRef = 361495E41EAC5D88008E3875 /* GADPickerViewTableViewCell.m */; };
		361EC0931DEAAC1600F011F6 /* GADTextTableViewCell.m in Sources */ = {isa = PBXBuildFile; fileRef = 361EC0911DEAAC1600F011F6 /* GADTextTableViewCell.m */; };
		361EC0941DEAAC1600F011F6 /* GADTextTableViewCell.xib in Resources */ = {isa = PBXBuildFile; fileRef = 361EC0921DEAAC1600F011F6 /* GADTextTableViewCell.xib */; };
		369F78751DA0BB510064ACAF /* main.m in Sources */ = {isa = PBXBuildFile; fileRef = 369F78741DA0BB510064ACAF /* main.m */; };
		369F78781DA0BB510064ACAF /* AppDelegate.m in Sources */ = {isa = PBXBuildFile; fileRef = 369F78771DA0BB510064ACAF /* AppDelegate.m */; };
		369F787B1DA0BB510064ACAF /* GADSearchViewController.m in Sources */ = {isa = PBXBuildFile; fileRef = 369F787A1DA0BB510064ACAF /* GADSearchViewController.m */; };
		369F787E1DA0BB510064ACAF /* Main.storyboard in Resources */ = {isa = PBXBuildFile; fileRef = 369F787C1DA0BB510064ACAF /* Main.storyboard */; };
		369F78801DA0BB510064ACAF /* Assets.xcassets in Resources */ = {isa = PBXBuildFile; fileRef = 369F787F1DA0BB510064ACAF /* Assets.xcassets */; };
		369F78831DA0BB510064ACAF /* LaunchScreen.storyboard in Resources */ = {isa = PBXBuildFile; fileRef = 369F78811DA0BB510064ACAF /* LaunchScreen.storyboard */; };
		369F788E1DA0BB510064ACAF /* DBTests.m in Sources */ = {isa = PBXBuildFile; fileRef = 369F788D1DA0BB510064ACAF /* DBTests.m */; };
		369F78991DA0BB510064ACAF /* DBUITests.m in Sources */ = {isa = PBXBuildFile; fileRef = 369F78981DA0BB510064ACAF /* DBUITests.m */; };
		369F78A81DA0C5950064ACAF /* GADDetailViewController.m in Sources */ = {isa = PBXBuildFile; fileRef = 369F78A71DA0C5950064ACAF /* GADDetailViewController.m */; };
		36A3A7D31E75CF7900D949E5 /* GADResultTableViewCell.m in Sources */ = {isa = PBXBuildFile; fileRef = 36A3A7D21E75CF7900D949E5 /* GADResultTableViewCell.m */; };
		36F7B1081DBCFFE800B14C50 /* GADListViewController.m in Sources */ = {isa = PBXBuildFile; fileRef = 36F7B1071DBCFFE800B14C50 /* GADListViewController.m */; };
		3E5019EE1546E3B4CCDB7212 /* libPods-DBUITests.a in Frameworks */ = {isa = PBXBuildFile; fileRef = 2A1B2EAB55570A3371F080B5 /* libPods-DBUITests.a */; };
		570397C8A53689D003BDC5C1 /* libPods-GADDirectoryTests.a in Frameworks */ = {isa = PBXBuildFile; fileRef = ED96211BD6738D51ECD503F6 /* libPods-GADDirectoryTests.a */; };
		A89BAD5C1E52C143005DB3FA /* GADNumberTableViewCell.m in Sources */ = {isa = PBXBuildFile; fileRef = A89BAD5B1E52C143005DB3FA /* GADNumberTableViewCell.m */; };
		A8CFA7851E5BEBAF00C3B4C4 /* GADPickerTableViewCell.m in Sources */ = {isa = PBXBuildFile; fileRef = A8CFA7841E5BEBAF00C3B4C4 /* GADPickerTableViewCell.m */; };
		A8A3BF071EA8744100165EA0 /* MessageUI.framework in Frameworks */ = {isa = PBXBuildFile; fileRef = A8A3BF061EA8744100165EA0 /* MessageUI.framework */; };
		B9E130179E0545630B82F220 /* libPods-GADDirectory.a in Frameworks */ = {isa = PBXBuildFile; fileRef = 667859B1AA031C79927E836D /* libPods-GADDirectory.a */; };
		C1DB7D361DADF79378CECCD4 /* libPods-DBTests.a in Frameworks */ = {isa = PBXBuildFile; fileRef = 219653412E19E7355DC5B308 /* libPods-DBTests.a */; };
		FAFB93F81E4FAF1400A68015 /* GADDirectory.framework in Frameworks */ = {isa = PBXBuildFile; fileRef = FAFB93EF1E4FAF1400A68015 /* GADDirectory.framework */; };
		FAFB93FF1E4FAF1400A68015 /* GADDirectoryTests.m in Sources */ = {isa = PBXBuildFile; fileRef = FAFB93FE1E4FAF1400A68015 /* GADDirectoryTests.m */; };
		FAFB94011E4FAF1400A68015 /* GADDirectory.h in Headers */ = {isa = PBXBuildFile; fileRef = FAFB93F11E4FAF1400A68015 /* GADDirectory.h */; settings = {ATTRIBUTES = (Public, ); }; };
		FAFB94041E4FAF1400A68015 /* GADDirectory.framework in Frameworks */ = {isa = PBXBuildFile; fileRef = FAFB93EF1E4FAF1400A68015 /* GADDirectory.framework */; };
		FAFB94051E4FAF1400A68015 /* GADDirectory.framework in Embed Frameworks */ = {isa = PBXBuildFile; fileRef = FAFB93EF1E4FAF1400A68015 /* GADDirectory.framework */; settings = {ATTRIBUTES = (CodeSignOnCopy, RemoveHeadersOnCopy, ); }; };
		FAFB940F1E4FAF2E00A68015 /* GADPerson.h in Headers */ = {isa = PBXBuildFile; fileRef = 369F78A91DA18C880064ACAF /* GADPerson.h */; settings = {ATTRIBUTES = (Public, ); }; };
		FAFB94101E4FAF2E00A68015 /* GADPerson.m in Sources */ = {isa = PBXBuildFile; fileRef = 369F78AA1DA18C880064ACAF /* GADPerson.m */; };
		FAFB94111E4FAF2E00A68015 /* GADFacStaff.h in Headers */ = {isa = PBXBuildFile; fileRef = 365F5F871DA84AED0091D804 /* GADFacStaff.h */; settings = {ATTRIBUTES = (Public, ); }; };
		FAFB94121E4FAF2E00A68015 /* GADFacStaff.m in Sources */ = {isa = PBXBuildFile; fileRef = 365F5F881DA84AED0091D804 /* GADFacStaff.m */; };
		FAFB94131E4FAF2E00A68015 /* GADStudent.h in Headers */ = {isa = PBXBuildFile; fileRef = 365F5F7E1DA849660091D804 /* GADStudent.h */; settings = {ATTRIBUTES = (Public, ); }; };
		FAFB94141E4FAF2E00A68015 /* GADStudent.m in Sources */ = {isa = PBXBuildFile; fileRef = 365F5F7F1DA849660091D804 /* GADStudent.m */; };
		FAFB94151E4FAF2E00A68015 /* GADSGA.h in Headers */ = {isa = PBXBuildFile; fileRef = 365F5F811DA84A390091D804 /* GADSGA.h */; settings = {ATTRIBUTES = (Public, ); }; };
		FAFB94161E4FAF2E00A68015 /* GADSGA.m in Sources */ = {isa = PBXBuildFile; fileRef = 365F5F821DA84A390091D804 /* GADSGA.m */; };
/* End PBXBuildFile section */

/* Begin PBXContainerItemProxy section */
		369F788A1DA0BB510064ACAF /* PBXContainerItemProxy */ = {
			isa = PBXContainerItemProxy;
			containerPortal = 369F78681DA0BB510064ACAF /* Project object */;
			proxyType = 1;
			remoteGlobalIDString = 369F786F1DA0BB510064ACAF;
			remoteInfo = DB;
		};
		369F78951DA0BB510064ACAF /* PBXContainerItemProxy */ = {
			isa = PBXContainerItemProxy;
			containerPortal = 369F78681DA0BB510064ACAF /* Project object */;
			proxyType = 1;
			remoteGlobalIDString = 369F786F1DA0BB510064ACAF;
			remoteInfo = DB;
		};
		FAFB93F91E4FAF1400A68015 /* PBXContainerItemProxy */ = {
			isa = PBXContainerItemProxy;
			containerPortal = 369F78681DA0BB510064ACAF /* Project object */;
			proxyType = 1;
			remoteGlobalIDString = FAFB93EE1E4FAF1400A68015;
			remoteInfo = GADDirectory;
		};
		FAFB93FB1E4FAF1400A68015 /* PBXContainerItemProxy */ = {
			isa = PBXContainerItemProxy;
			containerPortal = 369F78681DA0BB510064ACAF /* Project object */;
			proxyType = 1;
			remoteGlobalIDString = 369F786F1DA0BB510064ACAF;
			remoteInfo = DB;
		};
		FAFB94021E4FAF1400A68015 /* PBXContainerItemProxy */ = {
			isa = PBXContainerItemProxy;
			containerPortal = 369F78681DA0BB510064ACAF /* Project object */;
			proxyType = 1;
			remoteGlobalIDString = FAFB93EE1E4FAF1400A68015;
			remoteInfo = GADDirectory;
		};
/* End PBXContainerItemProxy section */

/* Begin PBXCopyFilesBuildPhase section */
		FAFB94091E4FAF1400A68015 /* Embed Frameworks */ = {
			isa = PBXCopyFilesBuildPhase;
			buildActionMask = 2147483647;
			dstPath = "";
			dstSubfolderSpec = 10;
			files = (
				FAFB94051E4FAF1400A68015 /* GADDirectory.framework in Embed Frameworks */,
			);
			name = "Embed Frameworks";
			runOnlyForDeploymentPostprocessing = 0;
		};
/* End PBXCopyFilesBuildPhase section */

/* Begin PBXFileReference section */
		0C3A7FB61E6CA482003C00AE /* GADQuery.h */ = {isa = PBXFileReference; fileEncoding = 4; lastKnownFileType = sourcecode.c.h; path = GADQuery.h; sourceTree = "<group>"; };
		0C3A7FB71E6CA482003C00AE /* GADQuery.m */ = {isa = PBXFileReference; fileEncoding = 4; lastKnownFileType = sourcecode.c.objc; path = GADQuery.m; sourceTree = "<group>"; };
		105085552275A500BA8ABDA2 /* Pods-DBUITests.release.xcconfig */ = {isa = PBXFileReference; includeInIndex = 1; lastKnownFileType = text.xcconfig; name = "Pods-DBUITests.release.xcconfig"; path = "Pods/Target Support Files/Pods-DBUITests/Pods-DBUITests.release.xcconfig"; sourceTree = "<group>"; };
		1B3F889AD835470C67B748F1 /* Pods-GADDirectory.debug.xcconfig */ = {isa = PBXFileReference; includeInIndex = 1; lastKnownFileType = text.xcconfig; name = "Pods-GADDirectory.debug.xcconfig"; path = "Pods/Target Support Files/Pods-GADDirectory/Pods-GADDirectory.debug.xcconfig"; sourceTree = "<group>"; };
		219653412E19E7355DC5B308 /* libPods-DBTests.a */ = {isa = PBXFileReference; explicitFileType = archive.ar; includeInIndex = 0; path = "libPods-DBTests.a"; sourceTree = BUILT_PRODUCTS_DIR; };
		2A1B2EAB55570A3371F080B5 /* libPods-DBUITests.a */ = {isa = PBXFileReference; explicitFileType = archive.ar; includeInIndex = 0; path = "libPods-DBUITests.a"; sourceTree = BUILT_PRODUCTS_DIR; };
		361495E31EAC5D88008E3875 /* GADPickerViewTableViewCell.h */ = {isa = PBXFileReference; fileEncoding = 4; lastKnownFileType = sourcecode.c.h; path = GADPickerViewTableViewCell.h; sourceTree = "<group>"; };
		361495E41EAC5D88008E3875 /* GADPickerViewTableViewCell.m */ = {isa = PBXFileReference; fileEncoding = 4; lastKnownFileType = sourcecode.c.objc; path = GADPickerViewTableViewCell.m; sourceTree = "<group>"; };
		361EC0901DEAAC1600F011F6 /* GADTextTableViewCell.h */ = {isa = PBXFileReference; fileEncoding = 4; lastKnownFileType = sourcecode.c.h; path = GADTextTableViewCell.h; sourceTree = "<group>"; };
		361EC0911DEAAC1600F011F6 /* GADTextTableViewCell.m */ = {isa = PBXFileReference; fileEncoding = 4; lastKnownFileType = sourcecode.c.objc; path = GADTextTableViewCell.m; sourceTree = "<group>"; };
		361EC0921DEAAC1600F011F6 /* GADTextTableViewCell.xib */ = {isa = PBXFileReference; fileEncoding = 4; lastKnownFileType = file.xib; path = GADTextTableViewCell.xib; sourceTree = "<group>"; };
		365F5F7E1DA849660091D804 /* GADStudent.h */ = {isa = PBXFileReference; fileEncoding = 4; lastKnownFileType = sourcecode.c.h; name = GADStudent.h; path = ../DB/GADStudent.h; sourceTree = "<group>"; };
		365F5F7F1DA849660091D804 /* GADStudent.m */ = {isa = PBXFileReference; fileEncoding = 4; lastKnownFileType = sourcecode.c.objc; name = GADStudent.m; path = ../DB/GADStudent.m; sourceTree = "<group>"; };
		365F5F811DA84A390091D804 /* GADSGA.h */ = {isa = PBXFileReference; fileEncoding = 4; lastKnownFileType = sourcecode.c.h; name = GADSGA.h; path = ../DB/GADSGA.h; sourceTree = "<group>"; };
		365F5F821DA84A390091D804 /* GADSGA.m */ = {isa = PBXFileReference; fileEncoding = 4; lastKnownFileType = sourcecode.c.objc; name = GADSGA.m; path = ../DB/GADSGA.m; sourceTree = "<group>"; };
		365F5F871DA84AED0091D804 /* GADFacStaff.h */ = {isa = PBXFileReference; fileEncoding = 4; lastKnownFileType = sourcecode.c.h; name = GADFacStaff.h; path = ../DB/GADFacStaff.h; sourceTree = "<group>"; };
		365F5F881DA84AED0091D804 /* GADFacStaff.m */ = {isa = PBXFileReference; fileEncoding = 4; lastKnownFileType = sourcecode.c.objc; name = GADFacStaff.m; path = ../DB/GADFacStaff.m; sourceTree = "<group>"; };
		366E7F351EA3F999002B31C3 /* GADDetailTableViewCell.h */ = {isa = PBXFileReference; fileEncoding = 4; lastKnownFileType = sourcecode.c.h; path = GADDetailTableViewCell.h; sourceTree = "<group>"; };
		366E7F361EA3F999002B31C3 /* GADDetailTableViewCell.m */ = {isa = PBXFileReference; fileEncoding = 4; lastKnownFileType = sourcecode.c.objc; path = GADDetailTableViewCell.m; sourceTree = "<group>"; };
		369F78701DA0BB510064ACAF /* DB.app */ = {isa = PBXFileReference; explicitFileType = wrapper.application; includeInIndex = 0; path = DB.app; sourceTree = BUILT_PRODUCTS_DIR; };
		369F78741DA0BB510064ACAF /* main.m */ = {isa = PBXFileReference; lastKnownFileType = sourcecode.c.objc; path = main.m; sourceTree = "<group>"; };
		369F78761DA0BB510064ACAF /* AppDelegate.h */ = {isa = PBXFileReference; lastKnownFileType = sourcecode.c.h; path = AppDelegate.h; sourceTree = "<group>"; };
		369F78771DA0BB510064ACAF /* AppDelegate.m */ = {isa = PBXFileReference; lastKnownFileType = sourcecode.c.objc; path = AppDelegate.m; sourceTree = "<group>"; };
		369F78791DA0BB510064ACAF /* GADSearchViewController.h */ = {isa = PBXFileReference; lastKnownFileType = sourcecode.c.h; path = GADSearchViewController.h; sourceTree = "<group>"; };
		369F787A1DA0BB510064ACAF /* GADSearchViewController.m */ = {isa = PBXFileReference; lastKnownFileType = sourcecode.c.objc; path = GADSearchViewController.m; sourceTree = "<group>"; };
		369F787D1DA0BB510064ACAF /* Base */ = {isa = PBXFileReference; lastKnownFileType = file.storyboard; name = Base; path = Base.lproj/Main.storyboard; sourceTree = "<group>"; };
		369F787F1DA0BB510064ACAF /* Assets.xcassets */ = {isa = PBXFileReference; lastKnownFileType = folder.assetcatalog; path = Assets.xcassets; sourceTree = "<group>"; };
		369F78821DA0BB510064ACAF /* Base */ = {isa = PBXFileReference; lastKnownFileType = file.storyboard; name = Base; path = Base.lproj/LaunchScreen.storyboard; sourceTree = "<group>"; };
		369F78841DA0BB510064ACAF /* Info.plist */ = {isa = PBXFileReference; lastKnownFileType = text.plist.xml; path = Info.plist; sourceTree = "<group>"; };
		369F78891DA0BB510064ACAF /* DBTests.xctest */ = {isa = PBXFileReference; explicitFileType = wrapper.cfbundle; includeInIndex = 0; path = DBTests.xctest; sourceTree = BUILT_PRODUCTS_DIR; };
		369F788D1DA0BB510064ACAF /* DBTests.m */ = {isa = PBXFileReference; lastKnownFileType = sourcecode.c.objc; path = DBTests.m; sourceTree = "<group>"; };
		369F788F1DA0BB510064ACAF /* Info.plist */ = {isa = PBXFileReference; lastKnownFileType = text.plist.xml; path = Info.plist; sourceTree = "<group>"; };
		369F78941DA0BB510064ACAF /* DBUITests.xctest */ = {isa = PBXFileReference; explicitFileType = wrapper.cfbundle; includeInIndex = 0; path = DBUITests.xctest; sourceTree = BUILT_PRODUCTS_DIR; };
		369F78981DA0BB510064ACAF /* DBUITests.m */ = {isa = PBXFileReference; lastKnownFileType = sourcecode.c.objc; path = DBUITests.m; sourceTree = "<group>"; };
		369F789A1DA0BB510064ACAF /* Info.plist */ = {isa = PBXFileReference; lastKnownFileType = text.plist.xml; path = Info.plist; sourceTree = "<group>"; };
		369F78A61DA0C5950064ACAF /* GADDetailViewController.h */ = {isa = PBXFileReference; fileEncoding = 4; lastKnownFileType = sourcecode.c.h; path = GADDetailViewController.h; sourceTree = "<group>"; };
		369F78A71DA0C5950064ACAF /* GADDetailViewController.m */ = {isa = PBXFileReference; fileEncoding = 4; lastKnownFileType = sourcecode.c.objc; path = GADDetailViewController.m; sourceTree = "<group>"; };
		369F78A91DA18C880064ACAF /* GADPerson.h */ = {isa = PBXFileReference; fileEncoding = 4; lastKnownFileType = sourcecode.c.h; name = GADPerson.h; path = ../DB/GADPerson.h; sourceTree = "<group>"; };
		369F78AA1DA18C880064ACAF /* GADPerson.m */ = {isa = PBXFileReference; fileEncoding = 4; lastKnownFileType = sourcecode.c.objc; name = GADPerson.m; path = ../DB/GADPerson.m; sourceTree = "<group>"; };
		36A3A7D11E75CF7900D949E5 /* GADResultTableViewCell.h */ = {isa = PBXFileReference; fileEncoding = 4; lastKnownFileType = sourcecode.c.h; path = GADResultTableViewCell.h; sourceTree = "<group>"; };
		36A3A7D21E75CF7900D949E5 /* GADResultTableViewCell.m */ = {isa = PBXFileReference; fileEncoding = 4; lastKnownFileType = sourcecode.c.objc; path = GADResultTableViewCell.m; sourceTree = "<group>"; };
		36F7B1061DBCFFE800B14C50 /* GADListViewController.h */ = {isa = PBXFileReference; fileEncoding = 4; lastKnownFileType = sourcecode.c.h; path = GADListViewController.h; sourceTree = "<group>"; };
		36F7B1071DBCFFE800B14C50 /* GADListViewController.m */ = {isa = PBXFileReference; fileEncoding = 4; lastKnownFileType = sourcecode.c.objc; path = GADListViewController.m; sourceTree = "<group>"; };
		3F629860CB5209DA6965C11A /* Pods-DBUITests.debug.xcconfig */ = {isa = PBXFileReference; includeInIndex = 1; lastKnownFileType = text.xcconfig; name = "Pods-DBUITests.debug.xcconfig"; path = "Pods/Target Support Files/Pods-DBUITests/Pods-DBUITests.debug.xcconfig"; sourceTree = "<group>"; };
		667859B1AA031C79927E836D /* libPods-GADDirectory.a */ = {isa = PBXFileReference; explicitFileType = archive.ar; includeInIndex = 0; path = "libPods-GADDirectory.a"; sourceTree = BUILT_PRODUCTS_DIR; };
		78184A2C6D0D1623F7E7EA68 /* Pods-DB.release.xcconfig */ = {isa = PBXFileReference; includeInIndex = 1; lastKnownFileType = text.xcconfig; name = "Pods-DB.release.xcconfig"; path = "Pods/Target Support Files/Pods-DB/Pods-DB.release.xcconfig"; sourceTree = "<group>"; };
		8178A8EB161223C4A7295094 /* Pods-DB.debug.xcconfig */ = {isa = PBXFileReference; includeInIndex = 1; lastKnownFileType = text.xcconfig; name = "Pods-DB.debug.xcconfig"; path = "Pods/Target Support Files/Pods-DB/Pods-DB.debug.xcconfig"; sourceTree = "<group>"; };
		83946FA003C12FC0DEF561D5 /* libPods-DB.a */ = {isa = PBXFileReference; explicitFileType = archive.ar; includeInIndex = 0; path = "libPods-DB.a"; sourceTree = BUILT_PRODUCTS_DIR; };
		9446F08323FB3C63AE76C67E /* Pods-GADDirectoryTests.release.xcconfig */ = {isa = PBXFileReference; includeInIndex = 1; lastKnownFileType = text.xcconfig; name = "Pods-GADDirectoryTests.release.xcconfig"; path = "Pods/Target Support Files/Pods-GADDirectoryTests/Pods-GADDirectoryTests.release.xcconfig"; sourceTree = "<group>"; };
		A89BAD5A1E52C143005DB3FA /* GADNumberTableViewCell.h */ = {isa = PBXFileReference; fileEncoding = 4; lastKnownFileType = sourcecode.c.h; path = GADNumberTableViewCell.h; sourceTree = "<group>"; };
		A89BAD5B1E52C143005DB3FA /* GADNumberTableViewCell.m */ = {isa = PBXFileReference; fileEncoding = 4; lastKnownFileType = sourcecode.c.objc; path = GADNumberTableViewCell.m; sourceTree = "<group>"; };
		A8CFA7831E5BEBAF00C3B4C4 /* GADPickerTableViewCell.h */ = {isa = PBXFileReference; fileEncoding = 4; lastKnownFileType = sourcecode.c.h; path = GADPickerTableViewCell.h; sourceTree = "<group>"; };
		A8CFA7841E5BEBAF00C3B4C4 /* GADPickerTableViewCell.m */ = {isa = PBXFileReference; fileEncoding = 4; lastKnownFileType = sourcecode.c.objc; path = GADPickerTableViewCell.m; sourceTree = "<group>"; };
		A8A3BF061EA8744100165EA0 /* MessageUI.framework */ = {isa = PBXFileReference; lastKnownFileType = wrapper.framework; name = MessageUI.framework; path = System/Library/Frameworks/MessageUI.framework; sourceTree = SDKROOT; };
		C75158EFF1AF6F0320731115 /* Pods-DBTests.debug.xcconfig */ = {isa = PBXFileReference; includeInIndex = 1; lastKnownFileType = text.xcconfig; name = "Pods-DBTests.debug.xcconfig"; path = "Pods/Target Support Files/Pods-DBTests/Pods-DBTests.debug.xcconfig"; sourceTree = "<group>"; };
		D4A24CE042089F25E7F3AF33 /* Pods-DBTests.release.xcconfig */ = {isa = PBXFileReference; includeInIndex = 1; lastKnownFileType = text.xcconfig; name = "Pods-DBTests.release.xcconfig"; path = "Pods/Target Support Files/Pods-DBTests/Pods-DBTests.release.xcconfig"; sourceTree = "<group>"; };
		E1ADC26DECD46784ADA1F230 /* Pods-GADDirectory.release.xcconfig */ = {isa = PBXFileReference; includeInIndex = 1; lastKnownFileType = text.xcconfig; name = "Pods-GADDirectory.release.xcconfig"; path = "Pods/Target Support Files/Pods-GADDirectory/Pods-GADDirectory.release.xcconfig"; sourceTree = "<group>"; };
		ED96211BD6738D51ECD503F6 /* libPods-GADDirectoryTests.a */ = {isa = PBXFileReference; explicitFileType = archive.ar; includeInIndex = 0; path = "libPods-GADDirectoryTests.a"; sourceTree = BUILT_PRODUCTS_DIR; };
		FAFB93EF1E4FAF1400A68015 /* GADDirectory.framework */ = {isa = PBXFileReference; explicitFileType = wrapper.framework; includeInIndex = 0; path = GADDirectory.framework; sourceTree = BUILT_PRODUCTS_DIR; };
		FAFB93F11E4FAF1400A68015 /* GADDirectory.h */ = {isa = PBXFileReference; lastKnownFileType = sourcecode.c.h; path = GADDirectory.h; sourceTree = "<group>"; };
		FAFB93F21E4FAF1400A68015 /* Info.plist */ = {isa = PBXFileReference; lastKnownFileType = text.plist.xml; path = Info.plist; sourceTree = "<group>"; };
		FAFB93F71E4FAF1400A68015 /* GADDirectoryTests.xctest */ = {isa = PBXFileReference; explicitFileType = wrapper.cfbundle; includeInIndex = 0; path = GADDirectoryTests.xctest; sourceTree = BUILT_PRODUCTS_DIR; };
		FAFB93FE1E4FAF1400A68015 /* GADDirectoryTests.m */ = {isa = PBXFileReference; lastKnownFileType = sourcecode.c.objc; path = GADDirectoryTests.m; sourceTree = "<group>"; };
		FAFB94001E4FAF1400A68015 /* Info.plist */ = {isa = PBXFileReference; lastKnownFileType = text.plist.xml; path = Info.plist; sourceTree = "<group>"; };
		FF1C29B2E04B6704D7527F0C /* Pods-GADDirectoryTests.debug.xcconfig */ = {isa = PBXFileReference; includeInIndex = 1; lastKnownFileType = text.xcconfig; name = "Pods-GADDirectoryTests.debug.xcconfig"; path = "Pods/Target Support Files/Pods-GADDirectoryTests/Pods-GADDirectoryTests.debug.xcconfig"; sourceTree = "<group>"; };
/* End PBXFileReference section */

/* Begin PBXFrameworksBuildPhase section */
		369F786D1DA0BB510064ACAF /* Frameworks */ = {
			isa = PBXFrameworksBuildPhase;
			buildActionMask = 2147483647;
			files = (
				A8A3BF071EA8744100165EA0 /* MessageUI.framework in Frameworks */,
				FAFB94041E4FAF1400A68015 /* GADDirectory.framework in Frameworks */,
				2E6E7BB33953DDE5DCCB560C /* libPods-DB.a in Frameworks */,
			);
			runOnlyForDeploymentPostprocessing = 0;
		};
		369F78861DA0BB510064ACAF /* Frameworks */ = {
			isa = PBXFrameworksBuildPhase;
			buildActionMask = 2147483647;
			files = (
				C1DB7D361DADF79378CECCD4 /* libPods-DBTests.a in Frameworks */,
			);
			runOnlyForDeploymentPostprocessing = 0;
		};
		369F78911DA0BB510064ACAF /* Frameworks */ = {
			isa = PBXFrameworksBuildPhase;
			buildActionMask = 2147483647;
			files = (
				3E5019EE1546E3B4CCDB7212 /* libPods-DBUITests.a in Frameworks */,
			);
			runOnlyForDeploymentPostprocessing = 0;
		};
		FAFB93EB1E4FAF1400A68015 /* Frameworks */ = {
			isa = PBXFrameworksBuildPhase;
			buildActionMask = 2147483647;
			files = (
				B9E130179E0545630B82F220 /* libPods-GADDirectory.a in Frameworks */,
			);
			runOnlyForDeploymentPostprocessing = 0;
		};
		FAFB93F41E4FAF1400A68015 /* Frameworks */ = {
			isa = PBXFrameworksBuildPhase;
			buildActionMask = 2147483647;
			files = (
				FAFB93F81E4FAF1400A68015 /* GADDirectory.framework in Frameworks */,
				570397C8A53689D003BDC5C1 /* libPods-GADDirectoryTests.a in Frameworks */,
			);
			runOnlyForDeploymentPostprocessing = 0;
		};
/* End PBXFrameworksBuildPhase section */

/* Begin PBXGroup section */
		369F78671DA0BB510064ACAF = {
			isa = PBXGroup;
			children = (
				369F78721DA0BB510064ACAF /* DB */,
				FAFB93F01E4FAF1400A68015 /* GADDirectory */,
				369F78711DA0BB510064ACAF /* Products */,
				CB694ACCC41F127AF1661FC7 /* Pods */,
				595582090F7D3012AE5CE643 /* Frameworks */,
			);
			sourceTree = "<group>";
		};
		369F78711DA0BB510064ACAF /* Products */ = {
			isa = PBXGroup;
			children = (
				369F78701DA0BB510064ACAF /* DB.app */,
				369F78891DA0BB510064ACAF /* DBTests.xctest */,
				369F78941DA0BB510064ACAF /* DBUITests.xctest */,
				FAFB93EF1E4FAF1400A68015 /* GADDirectory.framework */,
				FAFB93F71E4FAF1400A68015 /* GADDirectoryTests.xctest */,
			);
			name = Products;
			sourceTree = "<group>";
		};
		369F78721DA0BB510064ACAF /* DB */ = {
			isa = PBXGroup;
			children = (
				FAFB941A1E4FAF7200A68015 /* Internals */,
				369F787F1DA0BB510064ACAF /* Assets.xcassets */,
				FAFB94191E4FAF6900A68015 /* Cells */,
				FAFB94181E4FAF5B00A68015 /* Storyboards */,
				FAFB94171E4FAF4E00A68015 /* View Controllers */,
				369F788C1DA0BB510064ACAF /* Tests */,
			);
			path = DB;
			sourceTree = "<group>";
		};
		369F788C1DA0BB510064ACAF /* Tests */ = {
			isa = PBXGroup;
			children = (
				369F78971DA0BB510064ACAF /* UI */,
				369F788D1DA0BB510064ACAF /* DBTests.m */,
				369F788F1DA0BB510064ACAF /* Info.plist */,
			);
			name = Tests;
			path = DBTests;
			sourceTree = SOURCE_ROOT;
		};
		369F78971DA0BB510064ACAF /* UI */ = {
			isa = PBXGroup;
			children = (
				369F78981DA0BB510064ACAF /* DBUITests.m */,
				369F789A1DA0BB510064ACAF /* Info.plist */,
			);
			name = UI;
			path = ../DBUITests;
			sourceTree = "<group>";
		};
		595582090F7D3012AE5CE643 /* Frameworks */ = {
			isa = PBXGroup;
			children = (
				A8A3BF061EA8744100165EA0 /* MessageUI.framework */,
				83946FA003C12FC0DEF561D5 /* libPods-DB.a */,
				219653412E19E7355DC5B308 /* libPods-DBTests.a */,
				2A1B2EAB55570A3371F080B5 /* libPods-DBUITests.a */,
				667859B1AA031C79927E836D /* libPods-GADDirectory.a */,
				ED96211BD6738D51ECD503F6 /* libPods-GADDirectoryTests.a */,
			);
			name = Frameworks;
			sourceTree = "<group>";
		};
		CB694ACCC41F127AF1661FC7 /* Pods */ = {
			isa = PBXGroup;
			children = (
				8178A8EB161223C4A7295094 /* Pods-DB.debug.xcconfig */,
				78184A2C6D0D1623F7E7EA68 /* Pods-DB.release.xcconfig */,
				C75158EFF1AF6F0320731115 /* Pods-DBTests.debug.xcconfig */,
				D4A24CE042089F25E7F3AF33 /* Pods-DBTests.release.xcconfig */,
				3F629860CB5209DA6965C11A /* Pods-DBUITests.debug.xcconfig */,
				105085552275A500BA8ABDA2 /* Pods-DBUITests.release.xcconfig */,
				1B3F889AD835470C67B748F1 /* Pods-GADDirectory.debug.xcconfig */,
				E1ADC26DECD46784ADA1F230 /* Pods-GADDirectory.release.xcconfig */,
				FF1C29B2E04B6704D7527F0C /* Pods-GADDirectoryTests.debug.xcconfig */,
				9446F08323FB3C63AE76C67E /* Pods-GADDirectoryTests.release.xcconfig */,
			);
			name = Pods;
			sourceTree = "<group>";
		};
		FAFB93F01E4FAF1400A68015 /* GADDirectory */ = {
			isa = PBXGroup;
			children = (
				FAFB93FD1E4FAF1400A68015 /* Tests */,
				FAFB93F11E4FAF1400A68015 /* GADDirectory.h */,
				369F78A91DA18C880064ACAF /* GADPerson.h */,
				369F78AA1DA18C880064ACAF /* GADPerson.m */,
				0C3A7FB61E6CA482003C00AE /* GADQuery.h */,
				0C3A7FB71E6CA482003C00AE /* GADQuery.m */,
				365F5F871DA84AED0091D804 /* GADFacStaff.h */,
				365F5F881DA84AED0091D804 /* GADFacStaff.m */,
				365F5F7E1DA849660091D804 /* GADStudent.h */,
				365F5F7F1DA849660091D804 /* GADStudent.m */,
				365F5F811DA84A390091D804 /* GADSGA.h */,
				365F5F821DA84A390091D804 /* GADSGA.m */,
				FAFB93F21E4FAF1400A68015 /* Info.plist */,
			);
			path = GADDirectory;
			sourceTree = "<group>";
		};
		FAFB93FD1E4FAF1400A68015 /* Tests */ = {
			isa = PBXGroup;
			children = (
				FAFB93FE1E4FAF1400A68015 /* GADDirectoryTests.m */,
				FAFB94001E4FAF1400A68015 /* Info.plist */,
			);
			name = Tests;
			path = GADDirectoryTests;
			sourceTree = SOURCE_ROOT;
		};
		FAFB94171E4FAF4E00A68015 /* View Controllers */ = {
			isa = PBXGroup;
			children = (
				369F78791DA0BB510064ACAF /* GADSearchViewController.h */,
				369F787A1DA0BB510064ACAF /* GADSearchViewController.m */,
				36F7B1061DBCFFE800B14C50 /* GADListViewController.h */,
				36F7B1071DBCFFE800B14C50 /* GADListViewController.m */,
				369F78A61DA0C5950064ACAF /* GADDetailViewController.h */,
				369F78A71DA0C5950064ACAF /* GADDetailViewController.m */,
			);
			name = "View Controllers";
			sourceTree = "<group>";
		};
		FAFB94181E4FAF5B00A68015 /* Storyboards */ = {
			isa = PBXGroup;
			children = (
				369F787C1DA0BB510064ACAF /* Main.storyboard */,
				369F78811DA0BB510064ACAF /* LaunchScreen.storyboard */,
			);
			name = Storyboards;
			sourceTree = "<group>";
		};
		FAFB94191E4FAF6900A68015 /* Cells */ = {
			isa = PBXGroup;
			children = (
				36A3A7D11E75CF7900D949E5 /* GADResultTableViewCell.h */,
				36A3A7D21E75CF7900D949E5 /* GADResultTableViewCell.m */,
				361EC0901DEAAC1600F011F6 /* GADTextTableViewCell.h */,
				361EC0911DEAAC1600F011F6 /* GADTextTableViewCell.m */,
				361EC0921DEAAC1600F011F6 /* GADTextTableViewCell.xib */,
				A89BAD5A1E52C143005DB3FA /* GADNumberTableViewCell.h */,
				A89BAD5B1E52C143005DB3FA /* GADNumberTableViewCell.m */,
				A8CFA7831E5BEBAF00C3B4C4 /* GADPickerTableViewCell.h */,
				A8CFA7841E5BEBAF00C3B4C4 /* GADPickerTableViewCell.m */,
				361495E31EAC5D88008E3875 /* GADPickerViewTableViewCell.h */,
				361495E41EAC5D88008E3875 /* GADPickerViewTableViewCell.m */,
				366E7F351EA3F999002B31C3 /* GADDetailTableViewCell.h */,
				366E7F361EA3F999002B31C3 /* GADDetailTableViewCell.m */,
			);
			name = Cells;
			sourceTree = "<group>";
		};
		FAFB941A1E4FAF7200A68015 /* Internals */ = {
			isa = PBXGroup;
			children = (
				369F78761DA0BB510064ACAF /* AppDelegate.h */,
				369F78771DA0BB510064ACAF /* AppDelegate.m */,
				369F78841DA0BB510064ACAF /* Info.plist */,
				369F78741DA0BB510064ACAF /* main.m */,
			);
			name = Internals;
			sourceTree = "<group>";
		};
/* End PBXGroup section */

/* Begin PBXHeadersBuildPhase section */
		FAFB93EC1E4FAF1400A68015 /* Headers */ = {
			isa = PBXHeadersBuildPhase;
			buildActionMask = 2147483647;
			files = (
				FAFB94011E4FAF1400A68015 /* GADDirectory.h in Headers */,
				FAFB94151E4FAF2E00A68015 /* GADSGA.h in Headers */,
				FAFB94111E4FAF2E00A68015 /* GADFacStaff.h in Headers */,
				FAFB940F1E4FAF2E00A68015 /* GADPerson.h in Headers */,
				0C3A7FB81E6CA482003C00AE /* GADQuery.h in Headers */,
				FAFB94131E4FAF2E00A68015 /* GADStudent.h in Headers */,
			);
			runOnlyForDeploymentPostprocessing = 0;
		};
/* End PBXHeadersBuildPhase section */

/* Begin PBXNativeTarget section */
		369F786F1DA0BB510064ACAF /* DB */ = {
			isa = PBXNativeTarget;
			buildConfigurationList = 369F789D1DA0BB510064ACAF /* Build configuration list for PBXNativeTarget "DB" */;
			buildPhases = (
				09BCC6C2D3F46F6ED686BFFB /* [CP] Check Pods Manifest.lock */,
				369F786C1DA0BB510064ACAF /* Sources */,
				369F786D1DA0BB510064ACAF /* Frameworks */,
				369F786E1DA0BB510064ACAF /* Resources */,
				FAFB94091E4FAF1400A68015 /* Embed Frameworks */,
				0DF1D79D6397781E6D66FFF9 /* [CP] Embed Pods Frameworks */,
				F20ADCB177C133AEAB0966E2 /* [CP] Copy Pods Resources */,
				FA156BD51EAEB33000B3D049 /* ShellScript */,
			);
			buildRules = (
			);
			dependencies = (
				FAFB94031E4FAF1400A68015 /* PBXTargetDependency */,
			);
			name = DB;
			productName = DB;
			productReference = 369F78701DA0BB510064ACAF /* DB.app */;
			productType = "com.apple.product-type.application";
		};
		369F78881DA0BB510064ACAF /* DBTests */ = {
			isa = PBXNativeTarget;
			buildConfigurationList = 369F78A01DA0BB510064ACAF /* Build configuration list for PBXNativeTarget "DBTests" */;
			buildPhases = (
				26FC35CDF08593F15A2151FB /* [CP] Check Pods Manifest.lock */,
				369F78851DA0BB510064ACAF /* Sources */,
				369F78861DA0BB510064ACAF /* Frameworks */,
				369F78871DA0BB510064ACAF /* Resources */,
				11CA5C8C0BB7D070A9A3794F /* [CP] Embed Pods Frameworks */,
				AA1AA6048D2CC7FE6C223392 /* [CP] Copy Pods Resources */,
			);
			buildRules = (
			);
			dependencies = (
				369F788B1DA0BB510064ACAF /* PBXTargetDependency */,
			);
			name = DBTests;
			productName = DBTests;
			productReference = 369F78891DA0BB510064ACAF /* DBTests.xctest */;
			productType = "com.apple.product-type.bundle.unit-test";
		};
		369F78931DA0BB510064ACAF /* DBUITests */ = {
			isa = PBXNativeTarget;
			buildConfigurationList = 369F78A31DA0BB510064ACAF /* Build configuration list for PBXNativeTarget "DBUITests" */;
			buildPhases = (
				EE8E50D495B6F4F04A79F7C0 /* [CP] Check Pods Manifest.lock */,
				369F78901DA0BB510064ACAF /* Sources */,
				369F78911DA0BB510064ACAF /* Frameworks */,
				369F78921DA0BB510064ACAF /* Resources */,
				E6A032ACD443E758400C6413 /* [CP] Embed Pods Frameworks */,
				DEEF493032107AB22AA43434 /* [CP] Copy Pods Resources */,
			);
			buildRules = (
			);
			dependencies = (
				369F78961DA0BB510064ACAF /* PBXTargetDependency */,
			);
			name = DBUITests;
			productName = DBUITests;
			productReference = 369F78941DA0BB510064ACAF /* DBUITests.xctest */;
			productType = "com.apple.product-type.bundle.ui-testing";
		};
		FAFB93EE1E4FAF1400A68015 /* GADDirectory */ = {
			isa = PBXNativeTarget;
			buildConfigurationList = FAFB94061E4FAF1400A68015 /* Build configuration list for PBXNativeTarget "GADDirectory" */;
			buildPhases = (
				A2D8C33373839F12F4B45A49 /* [CP] Check Pods Manifest.lock */,
				FAFB93EA1E4FAF1400A68015 /* Sources */,
				FAFB93EB1E4FAF1400A68015 /* Frameworks */,
				FAFB93EC1E4FAF1400A68015 /* Headers */,
				FAFB93ED1E4FAF1400A68015 /* Resources */,
				753007F5E102D4894001EB18 /* [CP] Copy Pods Resources */,
			);
			buildRules = (
			);
			dependencies = (
			);
			name = GADDirectory;
			productName = GADDirectory;
			productReference = FAFB93EF1E4FAF1400A68015 /* GADDirectory.framework */;
			productType = "com.apple.product-type.framework";
		};
		FAFB93F61E4FAF1400A68015 /* GADDirectoryTests */ = {
			isa = PBXNativeTarget;
			buildConfigurationList = FAFB940A1E4FAF1400A68015 /* Build configuration list for PBXNativeTarget "GADDirectoryTests" */;
			buildPhases = (
				4E282FC769815790A1726C0C /* [CP] Check Pods Manifest.lock */,
				FAFB93F31E4FAF1400A68015 /* Sources */,
				FAFB93F41E4FAF1400A68015 /* Frameworks */,
				FAFB93F51E4FAF1400A68015 /* Resources */,
				17DE58464F685073109AFE34 /* [CP] Embed Pods Frameworks */,
				BD5EEB16990FC573DFCFEBCD /* [CP] Copy Pods Resources */,
			);
			buildRules = (
			);
			dependencies = (
				FAFB93FA1E4FAF1400A68015 /* PBXTargetDependency */,
				FAFB93FC1E4FAF1400A68015 /* PBXTargetDependency */,
			);
			name = GADDirectoryTests;
			productName = GADDirectoryTests;
			productReference = FAFB93F71E4FAF1400A68015 /* GADDirectoryTests.xctest */;
			productType = "com.apple.product-type.bundle.unit-test";
		};
/* End PBXNativeTarget section */

/* Begin PBXProject section */
		369F78681DA0BB510064ACAF /* Project object */ = {
			isa = PBXProject;
			attributes = {
				LastUpgradeCheck = 0820;
				ORGANIZATIONNAME = AppDev;
				TargetAttributes = {
					369F786F1DA0BB510064ACAF = {
						CreatedOnToolsVersion = 8.0;
						ProvisioningStyle = Automatic;
					};
					369F78881DA0BB510064ACAF = {
						CreatedOnToolsVersion = 8.0;
						ProvisioningStyle = Automatic;
						TestTargetID = 369F786F1DA0BB510064ACAF;
					};
					369F78931DA0BB510064ACAF = {
						CreatedOnToolsVersion = 8.0;
						ProvisioningStyle = Automatic;
						TestTargetID = 369F786F1DA0BB510064ACAF;
					};
					FAFB93EE1E4FAF1400A68015 = {
						CreatedOnToolsVersion = 8.2.1;
						ProvisioningStyle = Automatic;
					};
					FAFB93F61E4FAF1400A68015 = {
						CreatedOnToolsVersion = 8.2.1;
						DevelopmentTeam = H69TS4DPUJ;
						ProvisioningStyle = Automatic;
						TestTargetID = 369F786F1DA0BB510064ACAF;
					};
				};
			};
			buildConfigurationList = 369F786B1DA0BB510064ACAF /* Build configuration list for PBXProject "DB" */;
			compatibilityVersion = "Xcode 3.2";
			developmentRegion = English;
			hasScannedForEncodings = 0;
			knownRegions = (
				en,
				Base,
			);
			mainGroup = 369F78671DA0BB510064ACAF;
			productRefGroup = 369F78711DA0BB510064ACAF /* Products */;
			projectDirPath = "";
			projectRoot = "";
			targets = (
				369F786F1DA0BB510064ACAF /* DB */,
				369F78881DA0BB510064ACAF /* DBTests */,
				369F78931DA0BB510064ACAF /* DBUITests */,
				FAFB93EE1E4FAF1400A68015 /* GADDirectory */,
				FAFB93F61E4FAF1400A68015 /* GADDirectoryTests */,
			);
		};
/* End PBXProject section */

/* Begin PBXResourcesBuildPhase section */
		369F786E1DA0BB510064ACAF /* Resources */ = {
			isa = PBXResourcesBuildPhase;
			buildActionMask = 2147483647;
			files = (
				369F78831DA0BB510064ACAF /* LaunchScreen.storyboard in Resources */,
				369F78801DA0BB510064ACAF /* Assets.xcassets in Resources */,
				361EC0941DEAAC1600F011F6 /* GADTextTableViewCell.xib in Resources */,
				369F787E1DA0BB510064ACAF /* Main.storyboard in Resources */,
			);
			runOnlyForDeploymentPostprocessing = 0;
		};
		369F78871DA0BB510064ACAF /* Resources */ = {
			isa = PBXResourcesBuildPhase;
			buildActionMask = 2147483647;
			files = (
			);
			runOnlyForDeploymentPostprocessing = 0;
		};
		369F78921DA0BB510064ACAF /* Resources */ = {
			isa = PBXResourcesBuildPhase;
			buildActionMask = 2147483647;
			files = (
			);
			runOnlyForDeploymentPostprocessing = 0;
		};
		FAFB93ED1E4FAF1400A68015 /* Resources */ = {
			isa = PBXResourcesBuildPhase;
			buildActionMask = 2147483647;
			files = (
			);
			runOnlyForDeploymentPostprocessing = 0;
		};
		FAFB93F51E4FAF1400A68015 /* Resources */ = {
			isa = PBXResourcesBuildPhase;
			buildActionMask = 2147483647;
			files = (
			);
			runOnlyForDeploymentPostprocessing = 0;
		};
/* End PBXResourcesBuildPhase section */

/* Begin PBXShellScriptBuildPhase section */
		09BCC6C2D3F46F6ED686BFFB /* [CP] Check Pods Manifest.lock */ = {
			isa = PBXShellScriptBuildPhase;
			buildActionMask = 2147483647;
			files = (
			);
			inputPaths = (
			);
			name = "[CP] Check Pods Manifest.lock";
			outputPaths = (
			);
			runOnlyForDeploymentPostprocessing = 0;
			shellPath = /bin/sh;
			shellScript = "diff \"${PODS_ROOT}/../Podfile.lock\" \"${PODS_ROOT}/Manifest.lock\" > /dev/null\nif [ $? != 0 ] ; then\n    # print error to STDERR\n    echo \"error: The sandbox is not in sync with the Podfile.lock. Run 'pod install' or update your CocoaPods installation.\" >&2\n    exit 1\nfi\n";
			showEnvVarsInLog = 0;
		};
		0DF1D79D6397781E6D66FFF9 /* [CP] Embed Pods Frameworks */ = {
			isa = PBXShellScriptBuildPhase;
			buildActionMask = 2147483647;
			files = (
			);
			inputPaths = (
			);
			name = "[CP] Embed Pods Frameworks";
			outputPaths = (
			);
			runOnlyForDeploymentPostprocessing = 0;
			shellPath = /bin/sh;
			shellScript = "\"${SRCROOT}/Pods/Target Support Files/Pods-DB/Pods-DB-frameworks.sh\"\n";
			showEnvVarsInLog = 0;
		};
		11CA5C8C0BB7D070A9A3794F /* [CP] Embed Pods Frameworks */ = {
			isa = PBXShellScriptBuildPhase;
			buildActionMask = 2147483647;
			files = (
			);
			inputPaths = (
			);
			name = "[CP] Embed Pods Frameworks";
			outputPaths = (
			);
			runOnlyForDeploymentPostprocessing = 0;
			shellPath = /bin/sh;
			shellScript = "\"${SRCROOT}/Pods/Target Support Files/Pods-DBTests/Pods-DBTests-frameworks.sh\"\n";
			showEnvVarsInLog = 0;
		};
		17DE58464F685073109AFE34 /* [CP] Embed Pods Frameworks */ = {
			isa = PBXShellScriptBuildPhase;
			buildActionMask = 2147483647;
			files = (
			);
			inputPaths = (
			);
			name = "[CP] Embed Pods Frameworks";
			outputPaths = (
			);
			runOnlyForDeploymentPostprocessing = 0;
			shellPath = /bin/sh;
			shellScript = "\"${SRCROOT}/Pods/Target Support Files/Pods-GADDirectoryTests/Pods-GADDirectoryTests-frameworks.sh\"\n";
			showEnvVarsInLog = 0;
		};
		26FC35CDF08593F15A2151FB /* [CP] Check Pods Manifest.lock */ = {
			isa = PBXShellScriptBuildPhase;
			buildActionMask = 2147483647;
			files = (
			);
			inputPaths = (
			);
			name = "[CP] Check Pods Manifest.lock";
			outputPaths = (
			);
			runOnlyForDeploymentPostprocessing = 0;
			shellPath = /bin/sh;
			shellScript = "diff \"${PODS_ROOT}/../Podfile.lock\" \"${PODS_ROOT}/Manifest.lock\" > /dev/null\nif [ $? != 0 ] ; then\n    # print error to STDERR\n    echo \"error: The sandbox is not in sync with the Podfile.lock. Run 'pod install' or update your CocoaPods installation.\" >&2\n    exit 1\nfi\n";
			showEnvVarsInLog = 0;
		};
		4E282FC769815790A1726C0C /* [CP] Check Pods Manifest.lock */ = {
			isa = PBXShellScriptBuildPhase;
			buildActionMask = 2147483647;
			files = (
			);
			inputPaths = (
			);
			name = "[CP] Check Pods Manifest.lock";
			outputPaths = (
			);
			runOnlyForDeploymentPostprocessing = 0;
			shellPath = /bin/sh;
			shellScript = "diff \"${PODS_ROOT}/../Podfile.lock\" \"${PODS_ROOT}/Manifest.lock\" > /dev/null\nif [ $? != 0 ] ; then\n    # print error to STDERR\n    echo \"error: The sandbox is not in sync with the Podfile.lock. Run 'pod install' or update your CocoaPods installation.\" >&2\n    exit 1\nfi\n";
			showEnvVarsInLog = 0;
		};
		753007F5E102D4894001EB18 /* [CP] Copy Pods Resources */ = {
			isa = PBXShellScriptBuildPhase;
			buildActionMask = 2147483647;
			files = (
			);
			inputPaths = (
			);
			name = "[CP] Copy Pods Resources";
			outputPaths = (
			);
			runOnlyForDeploymentPostprocessing = 0;
			shellPath = /bin/sh;
			shellScript = "\"${SRCROOT}/Pods/Target Support Files/Pods-GADDirectory/Pods-GADDirectory-resources.sh\"\n";
			showEnvVarsInLog = 0;
		};
		A2D8C33373839F12F4B45A49 /* [CP] Check Pods Manifest.lock */ = {
			isa = PBXShellScriptBuildPhase;
			buildActionMask = 2147483647;
			files = (
			);
			inputPaths = (
			);
			name = "[CP] Check Pods Manifest.lock";
			outputPaths = (
			);
			runOnlyForDeploymentPostprocessing = 0;
			shellPath = /bin/sh;
			shellScript = "diff \"${PODS_ROOT}/../Podfile.lock\" \"${PODS_ROOT}/Manifest.lock\" > /dev/null\nif [ $? != 0 ] ; then\n    # print error to STDERR\n    echo \"error: The sandbox is not in sync with the Podfile.lock. Run 'pod install' or update your CocoaPods installation.\" >&2\n    exit 1\nfi\n";
			showEnvVarsInLog = 0;
		};
		AA1AA6048D2CC7FE6C223392 /* [CP] Copy Pods Resources */ = {
			isa = PBXShellScriptBuildPhase;
			buildActionMask = 2147483647;
			files = (
			);
			inputPaths = (
			);
			name = "[CP] Copy Pods Resources";
			outputPaths = (
			);
			runOnlyForDeploymentPostprocessing = 0;
			shellPath = /bin/sh;
			shellScript = "\"${SRCROOT}/Pods/Target Support Files/Pods-DBTests/Pods-DBTests-resources.sh\"\n";
			showEnvVarsInLog = 0;
		};
		BD5EEB16990FC573DFCFEBCD /* [CP] Copy Pods Resources */ = {
			isa = PBXShellScriptBuildPhase;
			buildActionMask = 2147483647;
			files = (
			);
			inputPaths = (
			);
			name = "[CP] Copy Pods Resources";
			outputPaths = (
			);
			runOnlyForDeploymentPostprocessing = 0;
			shellPath = /bin/sh;
			shellScript = "\"${SRCROOT}/Pods/Target Support Files/Pods-GADDirectoryTests/Pods-GADDirectoryTests-resources.sh\"\n";
			showEnvVarsInLog = 0;
		};
		DEEF493032107AB22AA43434 /* [CP] Copy Pods Resources */ = {
			isa = PBXShellScriptBuildPhase;
			buildActionMask = 2147483647;
			files = (
			);
			inputPaths = (
			);
			name = "[CP] Copy Pods Resources";
			outputPaths = (
			);
			runOnlyForDeploymentPostprocessing = 0;
			shellPath = /bin/sh;
			shellScript = "\"${SRCROOT}/Pods/Target Support Files/Pods-DBUITests/Pods-DBUITests-resources.sh\"\n";
			showEnvVarsInLog = 0;
		};
		E6A032ACD443E758400C6413 /* [CP] Embed Pods Frameworks */ = {
			isa = PBXShellScriptBuildPhase;
			buildActionMask = 2147483647;
			files = (
			);
			inputPaths = (
			);
			name = "[CP] Embed Pods Frameworks";
			outputPaths = (
			);
			runOnlyForDeploymentPostprocessing = 0;
			shellPath = /bin/sh;
			shellScript = "\"${SRCROOT}/Pods/Target Support Files/Pods-DBUITests/Pods-DBUITests-frameworks.sh\"\n";
			showEnvVarsInLog = 0;
		};
		EE8E50D495B6F4F04A79F7C0 /* [CP] Check Pods Manifest.lock */ = {
			isa = PBXShellScriptBuildPhase;
			buildActionMask = 2147483647;
			files = (
			);
			inputPaths = (
			);
			name = "[CP] Check Pods Manifest.lock";
			outputPaths = (
			);
			runOnlyForDeploymentPostprocessing = 0;
			shellPath = /bin/sh;
			shellScript = "diff \"${PODS_ROOT}/../Podfile.lock\" \"${PODS_ROOT}/Manifest.lock\" > /dev/null\nif [ $? != 0 ] ; then\n    # print error to STDERR\n    echo \"error: The sandbox is not in sync with the Podfile.lock. Run 'pod install' or update your CocoaPods installation.\" >&2\n    exit 1\nfi\n";
			showEnvVarsInLog = 0;
		};
		F20ADCB177C133AEAB0966E2 /* [CP] Copy Pods Resources */ = {
			isa = PBXShellScriptBuildPhase;
			buildActionMask = 2147483647;
			files = (
			);
			inputPaths = (
			);
			name = "[CP] Copy Pods Resources";
			outputPaths = (
			);
			runOnlyForDeploymentPostprocessing = 0;
			shellPath = /bin/sh;
			shellScript = "\"${SRCROOT}/Pods/Target Support Files/Pods-DB/Pods-DB-resources.sh\"\n";
			showEnvVarsInLog = 0;
		};
		FA156BD51EAEB33000B3D049 /* ShellScript */ = {
			isa = PBXShellScriptBuildPhase;
			buildActionMask = 2147483647;
			files = (
			);
			inputPaths = (
			);
			outputPaths = (
			);
			runOnlyForDeploymentPostprocessing = 0;
			shellPath = /bin/sh;
			shellScript = "\"${PODS_ROOT}/Fabric/run\" 45894d9e8a6bc3b8513651d6de36159e2c836e51 e63db966a2704d736a61d448865ca84d08aaaa601dce5b22725702038b26a699";
		};
/* End PBXShellScriptBuildPhase section */

/* Begin PBXSourcesBuildPhase section */
		369F786C1DA0BB510064ACAF /* Sources */ = {
			isa = PBXSourcesBuildPhase;
			buildActionMask = 2147483647;
			files = (
				A8CFA7851E5BEBAF00C3B4C4 /* GADPickerTableViewCell.m in Sources */,
				369F787B1DA0BB510064ACAF /* GADSearchViewController.m in Sources */,
				36A3A7D31E75CF7900D949E5 /* GADResultTableViewCell.m in Sources */,
				369F78781DA0BB510064ACAF /* AppDelegate.m in Sources */,
				A89BAD5C1E52C143005DB3FA /* GADNumberTableViewCell.m in Sources */,
				36F7B1081DBCFFE800B14C50 /* GADListViewController.m in Sources */,
				369F78A81DA0C5950064ACAF /* GADDetailViewController.m in Sources */,
				361495E51EAC5D88008E3875 /* GADPickerViewTableViewCell.m in Sources */,
				369F78751DA0BB510064ACAF /* main.m in Sources */,
				361EC0931DEAAC1600F011F6 /* GADTextTableViewCell.m in Sources */,
			);
			runOnlyForDeploymentPostprocessing = 0;
		};
		369F78851DA0BB510064ACAF /* Sources */ = {
			isa = PBXSourcesBuildPhase;
			buildActionMask = 2147483647;
			files = (
				369F788E1DA0BB510064ACAF /* DBTests.m in Sources */,
			);
			runOnlyForDeploymentPostprocessing = 0;
		};
		369F78901DA0BB510064ACAF /* Sources */ = {
			isa = PBXSourcesBuildPhase;
			buildActionMask = 2147483647;
			files = (
				369F78991DA0BB510064ACAF /* DBUITests.m in Sources */,
			);
			runOnlyForDeploymentPostprocessing = 0;
		};
		FAFB93EA1E4FAF1400A68015 /* Sources */ = {
			isa = PBXSourcesBuildPhase;
			buildActionMask = 2147483647;
			files = (
				FAFB94121E4FAF2E00A68015 /* GADFacStaff.m in Sources */,
				FAFB94161E4FAF2E00A68015 /* GADSGA.m in Sources */,
				0C3A7FB91E6CA482003C00AE /* GADQuery.m in Sources */,
				FAFB94141E4FAF2E00A68015 /* GADStudent.m in Sources */,
				FAFB94101E4FAF2E00A68015 /* GADPerson.m in Sources */,
			);
			runOnlyForDeploymentPostprocessing = 0;
		};
		FAFB93F31E4FAF1400A68015 /* Sources */ = {
			isa = PBXSourcesBuildPhase;
			buildActionMask = 2147483647;
			files = (
				FAFB93FF1E4FAF1400A68015 /* GADDirectoryTests.m in Sources */,
			);
			runOnlyForDeploymentPostprocessing = 0;
		};
/* End PBXSourcesBuildPhase section */

/* Begin PBXTargetDependency section */
		369F788B1DA0BB510064ACAF /* PBXTargetDependency */ = {
			isa = PBXTargetDependency;
			target = 369F786F1DA0BB510064ACAF /* DB */;
			targetProxy = 369F788A1DA0BB510064ACAF /* PBXContainerItemProxy */;
		};
		369F78961DA0BB510064ACAF /* PBXTargetDependency */ = {
			isa = PBXTargetDependency;
			target = 369F786F1DA0BB510064ACAF /* DB */;
			targetProxy = 369F78951DA0BB510064ACAF /* PBXContainerItemProxy */;
		};
		FAFB93FA1E4FAF1400A68015 /* PBXTargetDependency */ = {
			isa = PBXTargetDependency;
			target = FAFB93EE1E4FAF1400A68015 /* GADDirectory */;
			targetProxy = FAFB93F91E4FAF1400A68015 /* PBXContainerItemProxy */;
		};
		FAFB93FC1E4FAF1400A68015 /* PBXTargetDependency */ = {
			isa = PBXTargetDependency;
			target = 369F786F1DA0BB510064ACAF /* DB */;
			targetProxy = FAFB93FB1E4FAF1400A68015 /* PBXContainerItemProxy */;
		};
		FAFB94031E4FAF1400A68015 /* PBXTargetDependency */ = {
			isa = PBXTargetDependency;
			target = FAFB93EE1E4FAF1400A68015 /* GADDirectory */;
			targetProxy = FAFB94021E4FAF1400A68015 /* PBXContainerItemProxy */;
		};
/* End PBXTargetDependency section */

/* Begin PBXVariantGroup section */
		369F787C1DA0BB510064ACAF /* Main.storyboard */ = {
			isa = PBXVariantGroup;
			children = (
				369F787D1DA0BB510064ACAF /* Base */,
			);
			name = Main.storyboard;
			sourceTree = "<group>";
		};
		369F78811DA0BB510064ACAF /* LaunchScreen.storyboard */ = {
			isa = PBXVariantGroup;
			children = (
				369F78821DA0BB510064ACAF /* Base */,
			);
			name = LaunchScreen.storyboard;
			sourceTree = "<group>";
		};
/* End PBXVariantGroup section */

/* Begin XCBuildConfiguration section */
		369F789B1DA0BB510064ACAF /* Debug */ = {
			isa = XCBuildConfiguration;
			buildSettings = {
				ALWAYS_SEARCH_USER_PATHS = NO;
				CLANG_ANALYZER_NONNULL = YES;
				CLANG_CXX_LANGUAGE_STANDARD = "gnu++0x";
				CLANG_CXX_LIBRARY = "libc++";
				CLANG_ENABLE_MODULES = YES;
				CLANG_ENABLE_OBJC_ARC = YES;
				CLANG_WARN_BOOL_CONVERSION = YES;
				CLANG_WARN_CONSTANT_CONVERSION = YES;
				CLANG_WARN_DIRECT_OBJC_ISA_USAGE = YES_ERROR;
				CLANG_WARN_DOCUMENTATION_COMMENTS = YES;
				CLANG_WARN_EMPTY_BODY = YES;
				CLANG_WARN_ENUM_CONVERSION = YES;
				CLANG_WARN_INFINITE_RECURSION = YES;
				CLANG_WARN_INT_CONVERSION = YES;
				CLANG_WARN_OBJC_ROOT_CLASS = YES_ERROR;
				CLANG_WARN_SUSPICIOUS_MOVE = YES;
				CLANG_WARN_SUSPICIOUS_MOVES = YES;
				CLANG_WARN_UNREACHABLE_CODE = YES;
				CLANG_WARN__DUPLICATE_METHOD_MATCH = YES;
				"CODE_SIGN_IDENTITY[sdk=iphoneos*]" = "iPhone Developer";
				COPY_PHASE_STRIP = NO;
				DEBUG_INFORMATION_FORMAT = dwarf;
				ENABLE_STRICT_OBJC_MSGSEND = YES;
				ENABLE_TESTABILITY = YES;
				GCC_C_LANGUAGE_STANDARD = gnu99;
				GCC_DYNAMIC_NO_PIC = NO;
				GCC_NO_COMMON_BLOCKS = YES;
				GCC_OPTIMIZATION_LEVEL = 0;
				GCC_PREPROCESSOR_DEFINITIONS = (
					"DEBUG=1",
					"$(inherited)",
				);
				GCC_WARN_64_TO_32_BIT_CONVERSION = YES;
				GCC_WARN_ABOUT_RETURN_TYPE = YES_ERROR;
				GCC_WARN_UNDECLARED_SELECTOR = YES;
				GCC_WARN_UNINITIALIZED_AUTOS = YES_AGGRESSIVE;
				GCC_WARN_UNUSED_FUNCTION = YES;
				GCC_WARN_UNUSED_VARIABLE = YES;
				IPHONEOS_DEPLOYMENT_TARGET = 9.0;
				MTL_ENABLE_DEBUG_INFO = YES;
				ONLY_ACTIVE_ARCH = YES;
				SDKROOT = iphoneos;
			};
			name = Debug;
		};
		369F789C1DA0BB510064ACAF /* Release */ = {
			isa = XCBuildConfiguration;
			buildSettings = {
				ALWAYS_SEARCH_USER_PATHS = NO;
				CLANG_ANALYZER_NONNULL = YES;
				CLANG_CXX_LANGUAGE_STANDARD = "gnu++0x";
				CLANG_CXX_LIBRARY = "libc++";
				CLANG_ENABLE_MODULES = YES;
				CLANG_ENABLE_OBJC_ARC = YES;
				CLANG_WARN_BOOL_CONVERSION = YES;
				CLANG_WARN_CONSTANT_CONVERSION = YES;
				CLANG_WARN_DIRECT_OBJC_ISA_USAGE = YES_ERROR;
				CLANG_WARN_DOCUMENTATION_COMMENTS = YES;
				CLANG_WARN_EMPTY_BODY = YES;
				CLANG_WARN_ENUM_CONVERSION = YES;
				CLANG_WARN_INFINITE_RECURSION = YES;
				CLANG_WARN_INT_CONVERSION = YES;
				CLANG_WARN_OBJC_ROOT_CLASS = YES_ERROR;
				CLANG_WARN_SUSPICIOUS_MOVE = YES;
				CLANG_WARN_SUSPICIOUS_MOVES = YES;
				CLANG_WARN_UNREACHABLE_CODE = YES;
				CLANG_WARN__DUPLICATE_METHOD_MATCH = YES;
				"CODE_SIGN_IDENTITY[sdk=iphoneos*]" = "iPhone Developer";
				COPY_PHASE_STRIP = NO;
				DEBUG_INFORMATION_FORMAT = "dwarf-with-dsym";
				ENABLE_NS_ASSERTIONS = NO;
				ENABLE_STRICT_OBJC_MSGSEND = YES;
				GCC_C_LANGUAGE_STANDARD = gnu99;
				GCC_NO_COMMON_BLOCKS = YES;
				GCC_WARN_64_TO_32_BIT_CONVERSION = YES;
				GCC_WARN_ABOUT_RETURN_TYPE = YES_ERROR;
				GCC_WARN_UNDECLARED_SELECTOR = YES;
				GCC_WARN_UNINITIALIZED_AUTOS = YES_AGGRESSIVE;
				GCC_WARN_UNUSED_FUNCTION = YES;
				GCC_WARN_UNUSED_VARIABLE = YES;
				IPHONEOS_DEPLOYMENT_TARGET = 9.0;
				MTL_ENABLE_DEBUG_INFO = NO;
				SDKROOT = iphoneos;
				VALIDATE_PRODUCT = YES;
			};
			name = Release;
		};
		369F789E1DA0BB510064ACAF /* Debug */ = {
			isa = XCBuildConfiguration;
			baseConfigurationReference = 8178A8EB161223C4A7295094 /* Pods-DB.debug.xcconfig */;
			buildSettings = {
				ASSETCATALOG_COMPILER_APPICON_NAME = AppIcon;
				INFOPLIST_FILE = DB/Info.plist;
				LD_RUNPATH_SEARCH_PATHS = "$(inherited) @executable_path/Frameworks";
				PRODUCT_BUNDLE_IDENTIFIER = edu.grinnell.appdev.DB;
				PRODUCT_NAME = "$(TARGET_NAME)";
			};
			name = Debug;
		};
		369F789F1DA0BB510064ACAF /* Release */ = {
			isa = XCBuildConfiguration;
			baseConfigurationReference = 78184A2C6D0D1623F7E7EA68 /* Pods-DB.release.xcconfig */;
			buildSettings = {
				ASSETCATALOG_COMPILER_APPICON_NAME = AppIcon;
				INFOPLIST_FILE = DB/Info.plist;
				LD_RUNPATH_SEARCH_PATHS = "$(inherited) @executable_path/Frameworks";
				PRODUCT_BUNDLE_IDENTIFIER = edu.grinnell.appdev.DB;
				PRODUCT_NAME = "$(TARGET_NAME)";
			};
			name = Release;
		};
		369F78A11DA0BB510064ACAF /* Debug */ = {
			isa = XCBuildConfiguration;
			baseConfigurationReference = C75158EFF1AF6F0320731115 /* Pods-DBTests.debug.xcconfig */;
			buildSettings = {
				BUNDLE_LOADER = "$(TEST_HOST)";
				INFOPLIST_FILE = DBTests/Info.plist;
				LD_RUNPATH_SEARCH_PATHS = "$(inherited) @executable_path/Frameworks @loader_path/Frameworks";
				PRODUCT_BUNDLE_IDENTIFIER = edu.grinnell.appdev.DBTests;
				PRODUCT_NAME = "$(TARGET_NAME)";
				TEST_HOST = "$(BUILT_PRODUCTS_DIR)/DB.app/DB";
			};
			name = Debug;
		};
		369F78A21DA0BB510064ACAF /* Release */ = {
			isa = XCBuildConfiguration;
			baseConfigurationReference = D4A24CE042089F25E7F3AF33 /* Pods-DBTests.release.xcconfig */;
			buildSettings = {
				BUNDLE_LOADER = "$(TEST_HOST)";
				INFOPLIST_FILE = DBTests/Info.plist;
				LD_RUNPATH_SEARCH_PATHS = "$(inherited) @executable_path/Frameworks @loader_path/Frameworks";
				PRODUCT_BUNDLE_IDENTIFIER = edu.grinnell.appdev.DBTests;
				PRODUCT_NAME = "$(TARGET_NAME)";
				TEST_HOST = "$(BUILT_PRODUCTS_DIR)/DB.app/DB";
			};
			name = Release;
		};
		369F78A41DA0BB510064ACAF /* Debug */ = {
			isa = XCBuildConfiguration;
			baseConfigurationReference = 3F629860CB5209DA6965C11A /* Pods-DBUITests.debug.xcconfig */;
			buildSettings = {
				INFOPLIST_FILE = DBUITests/Info.plist;
				LD_RUNPATH_SEARCH_PATHS = "$(inherited) @executable_path/Frameworks @loader_path/Frameworks";
				PRODUCT_BUNDLE_IDENTIFIER = edu.grinnell.appdev.DBUITests;
				PRODUCT_NAME = "$(TARGET_NAME)";
				TEST_TARGET_NAME = DB;
			};
			name = Debug;
		};
		369F78A51DA0BB510064ACAF /* Release */ = {
			isa = XCBuildConfiguration;
			baseConfigurationReference = 105085552275A500BA8ABDA2 /* Pods-DBUITests.release.xcconfig */;
			buildSettings = {
				INFOPLIST_FILE = DBUITests/Info.plist;
				LD_RUNPATH_SEARCH_PATHS = "$(inherited) @executable_path/Frameworks @loader_path/Frameworks";
				PRODUCT_BUNDLE_IDENTIFIER = edu.grinnell.appdev.DBUITests;
				PRODUCT_NAME = "$(TARGET_NAME)";
				TEST_TARGET_NAME = DB;
			};
			name = Release;
		};
		FAFB94071E4FAF1400A68015 /* Debug */ = {
			isa = XCBuildConfiguration;
			baseConfigurationReference = 1B3F889AD835470C67B748F1 /* Pods-GADDirectory.debug.xcconfig */;
			buildSettings = {
				CLANG_ALLOW_NON_MODULAR_INCLUDES_IN_FRAMEWORK_MODULES = NO;
				CLANG_WARN_SUSPICIOUS_MOVE = YES;
				CODE_SIGN_IDENTITY = "";
				CURRENT_PROJECT_VERSION = 1;
				DEFINES_MODULE = YES;
				DYLIB_COMPATIBILITY_VERSION = 1;
				DYLIB_CURRENT_VERSION = 1;
				DYLIB_INSTALL_NAME_BASE = "@rpath";
				INFOPLIST_FILE = GADDirectory/Info.plist;
				INSTALL_PATH = "$(LOCAL_LIBRARY_DIR)/Frameworks";
				IPHONEOS_DEPLOYMENT_TARGET = 10.2;
				LD_RUNPATH_SEARCH_PATHS = "$(inherited) @executable_path/Frameworks @loader_path/Frameworks";
				PRODUCT_BUNDLE_IDENTIFIER = edu.grinnell.appdev.db.GADDirectory;
				PRODUCT_NAME = "$(TARGET_NAME)";
				SKIP_INSTALL = YES;
				TARGETED_DEVICE_FAMILY = "1,2";
				VERSIONING_SYSTEM = "apple-generic";
				VERSION_INFO_PREFIX = "";
			};
			name = Debug;
		};
		FAFB94081E4FAF1400A68015 /* Release */ = {
			isa = XCBuildConfiguration;
			baseConfigurationReference = E1ADC26DECD46784ADA1F230 /* Pods-GADDirectory.release.xcconfig */;
			buildSettings = {
				CLANG_ALLOW_NON_MODULAR_INCLUDES_IN_FRAMEWORK_MODULES = NO;
				CLANG_WARN_SUSPICIOUS_MOVE = YES;
				CODE_SIGN_IDENTITY = "";
				CURRENT_PROJECT_VERSION = 1;
				DEFINES_MODULE = YES;
				DYLIB_COMPATIBILITY_VERSION = 1;
				DYLIB_CURRENT_VERSION = 1;
				DYLIB_INSTALL_NAME_BASE = "@rpath";
				INFOPLIST_FILE = GADDirectory/Info.plist;
				INSTALL_PATH = "$(LOCAL_LIBRARY_DIR)/Frameworks";
				IPHONEOS_DEPLOYMENT_TARGET = 10.2;
				LD_RUNPATH_SEARCH_PATHS = "$(inherited) @executable_path/Frameworks @loader_path/Frameworks";
				PRODUCT_BUNDLE_IDENTIFIER = edu.grinnell.appdev.db.GADDirectory;
				PRODUCT_NAME = "$(TARGET_NAME)";
				SKIP_INSTALL = YES;
				TARGETED_DEVICE_FAMILY = "1,2";
				VERSIONING_SYSTEM = "apple-generic";
				VERSION_INFO_PREFIX = "";
			};
			name = Release;
		};
		FAFB940B1E4FAF1400A68015 /* Debug */ = {
			isa = XCBuildConfiguration;
			baseConfigurationReference = FF1C29B2E04B6704D7527F0C /* Pods-GADDirectoryTests.debug.xcconfig */;
			buildSettings = {
				CLANG_WARN_SUSPICIOUS_MOVE = YES;
				DEVELOPMENT_TEAM = H69TS4DPUJ;
				INFOPLIST_FILE = GADDirectoryTests/Info.plist;
				IPHONEOS_DEPLOYMENT_TARGET = 10.2;
				LD_RUNPATH_SEARCH_PATHS = "$(inherited) @executable_path/Frameworks @loader_path/Frameworks";
				PRODUCT_BUNDLE_IDENTIFIER = edu.grinnell.appdev.db.GADDirectoryTests;
				PRODUCT_NAME = "$(TARGET_NAME)";
				TEST_HOST = "$(BUILT_PRODUCTS_DIR)/DB.app/DB";
			};
			name = Debug;
		};
		FAFB940C1E4FAF1400A68015 /* Release */ = {
			isa = XCBuildConfiguration;
			baseConfigurationReference = 9446F08323FB3C63AE76C67E /* Pods-GADDirectoryTests.release.xcconfig */;
			buildSettings = {
				CLANG_WARN_SUSPICIOUS_MOVE = YES;
				DEVELOPMENT_TEAM = H69TS4DPUJ;
				INFOPLIST_FILE = GADDirectoryTests/Info.plist;
				IPHONEOS_DEPLOYMENT_TARGET = 10.2;
				LD_RUNPATH_SEARCH_PATHS = "$(inherited) @executable_path/Frameworks @loader_path/Frameworks";
				PRODUCT_BUNDLE_IDENTIFIER = edu.grinnell.appdev.db.GADDirectoryTests;
				PRODUCT_NAME = "$(TARGET_NAME)";
				TEST_HOST = "$(BUILT_PRODUCTS_DIR)/DB.app/DB";
			};
			name = Release;
		};
/* End XCBuildConfiguration section */

/* Begin XCConfigurationList section */
		369F786B1DA0BB510064ACAF /* Build configuration list for PBXProject "DB" */ = {
			isa = XCConfigurationList;
			buildConfigurations = (
				369F789B1DA0BB510064ACAF /* Debug */,
				369F789C1DA0BB510064ACAF /* Release */,
			);
			defaultConfigurationIsVisible = 0;
			defaultConfigurationName = Release;
		};
		369F789D1DA0BB510064ACAF /* Build configuration list for PBXNativeTarget "DB" */ = {
			isa = XCConfigurationList;
			buildConfigurations = (
				369F789E1DA0BB510064ACAF /* Debug */,
				369F789F1DA0BB510064ACAF /* Release */,
			);
			defaultConfigurationIsVisible = 0;
			defaultConfigurationName = Release;
		};
		369F78A01DA0BB510064ACAF /* Build configuration list for PBXNativeTarget "DBTests" */ = {
			isa = XCConfigurationList;
			buildConfigurations = (
				369F78A11DA0BB510064ACAF /* Debug */,
				369F78A21DA0BB510064ACAF /* Release */,
			);
			defaultConfigurationIsVisible = 0;
			defaultConfigurationName = Release;
		};
		369F78A31DA0BB510064ACAF /* Build configuration list for PBXNativeTarget "DBUITests" */ = {
			isa = XCConfigurationList;
			buildConfigurations = (
				369F78A41DA0BB510064ACAF /* Debug */,
				369F78A51DA0BB510064ACAF /* Release */,
			);
			defaultConfigurationIsVisible = 0;
			defaultConfigurationName = Release;
		};
		FAFB94061E4FAF1400A68015 /* Build configuration list for PBXNativeTarget "GADDirectory" */ = {
			isa = XCConfigurationList;
			buildConfigurations = (
				FAFB94071E4FAF1400A68015 /* Debug */,
				FAFB94081E4FAF1400A68015 /* Release */,
			);
			defaultConfigurationIsVisible = 0;
			defaultConfigurationName = Release;
		};
		FAFB940A1E4FAF1400A68015 /* Build configuration list for PBXNativeTarget "GADDirectoryTests" */ = {
			isa = XCConfigurationList;
			buildConfigurations = (
				FAFB940B1E4FAF1400A68015 /* Debug */,
				FAFB940C1E4FAF1400A68015 /* Release */,
			);
			defaultConfigurationIsVisible = 0;
			defaultConfigurationName = Release;
		};
/* End XCConfigurationList section */
	};
	rootObject = 369F78681DA0BB510064ACAF /* Project object */;
}
